{
  "version": 2,
  "dependencies": {
    "net10.0-windows10.0.26100": {
      "quickpods.contracts": {
        "type": "Project"
      },
      "quickpods.core": {
        "type": "Project"
      },
      "quickpods.infrastructure": {
        "type": "Project",
        "dependencies": {
          "QuickPods.Contracts": "[1.0.0, )",
          "QuickPods.Core": "[1.0.0, )"
        }
      },
      "quickpods.presentation": {
        "type": "Project",
        "dependencies": {
          "QuickPods.Core": "[1.0.0, )"
        }
      },
      "quickpods.windows": {
        "type": "Project",
        "dependencies": {
          "QuickPods.Core": "[1.0.0, )"
        }
      }
    }
  }
}